// !$*UTF8*$!
{
	archiveVersion = 1;
	classes = {
	};
	objectVersion = 55;
	objects = {

/* Begin PBXBuildFile section */
		A998D5C728BD2C1E00899878 /* ComposableCameraApp.swift in Sources */ = {isa = PBXBuildFile; fileRef = A998D5C628BD2C1E00899878 /* ComposableCameraApp.swift */; };
		A998D5CB28BD2C2400899878 /* Assets.xcassets in Resources */ = {isa = PBXBuildFile; fileRef = A998D5CA28BD2C2400899878 /* Assets.xcassets */; };
		A998D5CE28BD2C2400899878 /* Preview Assets.xcassets in Resources */ = {isa = PBXBuildFile; fileRef = A998D5CD28BD2C2400899878 /* Preview Assets.xcassets */; };
		A998D5E028BD2CE700899878 /* ComposableArchitecture in Frameworks */ = {isa = PBXBuildFile; productRef = A998D5DF28BD2CE700899878 /* ComposableArchitecture */; };
		A998D60D28BE583200899878 /* CameraView.swift in Sources */ = {isa = PBXBuildFile; fileRef = A998D60328BE551700899878 /* CameraView.swift */; };
		A998D60E28BE583200899878 /* CameraCore.swift in Sources */ = {isa = PBXBuildFile; fileRef = A998D5D528BD2C8400899878 /* CameraCore.swift */; };
		A998D60F28BE595700899878 /* Client.swift in Sources */ = {isa = PBXBuildFile; fileRef = A998D5DA28BD2CA600899878 /* Client.swift */; };
		A998D61028BE595B00899878 /* Live.swift in Sources */ = {isa = PBXBuildFile; fileRef = A998D5DC28BD2CAD00899878 /* Live.swift */; };
/* End PBXBuildFile section */

/* Begin PBXContainerItemProxy section */
		A998D60828BE557300899878 /* PBXContainerItemProxy */ = {
			isa = PBXContainerItemProxy;
			containerPortal = A998D5BB28BD2C1E00899878 /* Project object */;
			proxyType = 1;
			remoteGlobalIDString = A998D5E528BE54A000899878;
			remoteInfo = CameraCore;
		};
/* End PBXContainerItemProxy section */

/* Begin PBXCopyFilesBuildPhase section */
		A998D60A28BE557300899878 /* Embed Frameworks */ = {
			isa = PBXCopyFilesBuildPhase;
			buildActionMask = 2147483647;
			dstPath = "";
			dstSubfolderSpec = 10;
			files = (
			);
			name = "Embed Frameworks";
			runOnlyForDeploymentPostprocessing = 0;
		};
/* End PBXCopyFilesBuildPhase section */

/* Begin PBXFileReference section */
		A998D5C328BD2C1E00899878 /* ComposableCamera.app */ = {isa = PBXFileReference; explicitFileType = wrapper.application; includeInIndex = 0; path = ComposableCamera.app; sourceTree = BUILT_PRODUCTS_DIR; };
		A998D5C628BD2C1E00899878 /* ComposableCameraApp.swift */ = {isa = PBXFileReference; lastKnownFileType = sourcecode.swift; path = ComposableCameraApp.swift; sourceTree = "<group>"; };
		A998D5CA28BD2C2400899878 /* Assets.xcassets */ = {isa = PBXFileReference; lastKnownFileType = folder.assetcatalog; path = Assets.xcassets; sourceTree = "<group>"; };
		A998D5CD28BD2C2400899878 /* Preview Assets.xcassets */ = {isa = PBXFileReference; lastKnownFileType = folder.assetcatalog; path = "Preview Assets.xcassets"; sourceTree = "<group>"; };
		A998D5D528BD2C8400899878 /* CameraCore.swift */ = {isa = PBXFileReference; lastKnownFileType = sourcecode.swift; path = CameraCore.swift; sourceTree = "<group>"; };
		A998D5DA28BD2CA600899878 /* Client.swift */ = {isa = PBXFileReference; lastKnownFileType = sourcecode.swift; path = Client.swift; sourceTree = "<group>"; };
		A998D5DC28BD2CAD00899878 /* Live.swift */ = {isa = PBXFileReference; lastKnownFileType = sourcecode.swift; path = Live.swift; sourceTree = "<group>"; };
		A998D5E828BE54A000899878 /* CameraCore.h */ = {isa = PBXFileReference; lastKnownFileType = sourcecode.c.h; path = CameraCore.h; sourceTree = "<group>"; };
		A998D5E928BE54A000899878 /* CameraCore.docc */ = {isa = PBXFileReference; lastKnownFileType = folder.documentationcatalog; path = CameraCore.docc; sourceTree = "<group>"; };
		A998D5F428BE54A100899878 /* CameraCoreTests.swift */ = {isa = PBXFileReference; lastKnownFileType = sourcecode.swift; path = CameraCoreTests.swift; sourceTree = "<group>"; };
		A998D5FD28BE54C500899878 /* Info.plist */ = {isa = PBXFileReference; lastKnownFileType = text.plist; path = Info.plist; sourceTree = "<group>"; };
		A998D60328BE551700899878 /* CameraView.swift */ = {isa = PBXFileReference; lastKnownFileType = sourcecode.swift; path = CameraView.swift; sourceTree = "<group>"; };
/* End PBXFileReference section */

/* Begin PBXFrameworksBuildPhase section */
		A998D5C028BD2C1E00899878 /* Frameworks */ = {
			isa = PBXFrameworksBuildPhase;
			buildActionMask = 2147483647;
			files = (
				A998D5E028BD2CE700899878 /* ComposableArchitecture in Frameworks */,
			);
			runOnlyForDeploymentPostprocessing = 0;
		};
/* End PBXFrameworksBuildPhase section */

/* Begin PBXGroup section */
		A998D5BA28BD2C1E00899878 = {
			isa = PBXGroup;
			children = (
				A998D5C528BD2C1E00899878 /* ComposableCamera */,
				A998D5E728BE54A000899878 /* CameraCore */,
				A998D5F328BE54A100899878 /* CameraCoreTests */,
				A998D5C428BD2C1E00899878 /* Products */,
				A998D60528BE557300899878 /* Frameworks */,
			);
			sourceTree = "<group>";
		};
		A998D5C428BD2C1E00899878 /* Products */ = {
			isa = PBXGroup;
			children = (
				A998D5C328BD2C1E00899878 /* ComposableCamera.app */,
			);
			name = Products;
			sourceTree = "<group>";
		};
		A998D5C528BD2C1E00899878 /* ComposableCamera */ = {
			isa = PBXGroup;
			children = (
				A998D5FD28BE54C500899878 /* Info.plist */,
				A998D5C628BD2C1E00899878 /* ComposableCameraApp.swift */,
				A998D5D528BD2C8400899878 /* CameraCore.swift */,
				A998D60328BE551700899878 /* CameraView.swift */,
				A998D5D928BD2C9D00899878 /* CameraClient */,
				A998D5CA28BD2C2400899878 /* Assets.xcassets */,
				A998D5CC28BD2C2400899878 /* Preview Content */,
			);
			path = ComposableCamera;
			sourceTree = "<group>";
		};
		A998D5CC28BD2C2400899878 /* Preview Content */ = {
			isa = PBXGroup;
			children = (
				A998D5CD28BD2C2400899878 /* Preview Assets.xcassets */,
			);
			path = "Preview Content";
			sourceTree = "<group>";
		};
		A998D5D928BD2C9D00899878 /* CameraClient */ = {
			isa = PBXGroup;
			children = (
				A998D5DA28BD2CA600899878 /* Client.swift */,
				A998D5DC28BD2CAD00899878 /* Live.swift */,
			);
			path = CameraClient;
			sourceTree = "<group>";
		};
		A998D5E728BE54A000899878 /* CameraCore */ = {
			isa = PBXGroup;
			children = (
				A998D5E828BE54A000899878 /* CameraCore.h */,
				A998D5E928BE54A000899878 /* CameraCore.docc */,
			);
			path = CameraCore;
			sourceTree = "<group>";
		};
		A998D5F328BE54A100899878 /* CameraCoreTests */ = {
			isa = PBXGroup;
			children = (
				A998D5F428BE54A100899878 /* CameraCoreTests.swift */,
			);
			path = CameraCoreTests;
			sourceTree = "<group>";
		};
		A998D60528BE557300899878 /* Frameworks */ = {
			isa = PBXGroup;
			children = (
			);
			name = Frameworks;
			sourceTree = "<group>";
		};
/* End PBXGroup section */

/* Begin PBXNativeTarget section */
		A998D5C228BD2C1E00899878 /* ComposableCamera */ = {
			isa = PBXNativeTarget;
			buildConfigurationList = A998D5D128BD2C2400899878 /* Build configuration list for PBXNativeTarget "ComposableCamera" */;
			buildPhases = (
				A998D5BF28BD2C1E00899878 /* Sources */,
				A998D5C028BD2C1E00899878 /* Frameworks */,
				A998D5C128BD2C1E00899878 /* Resources */,
				A998D60A28BE557300899878 /* Embed Frameworks */,
			);
			buildRules = (
			);
			dependencies = (
				A998D60928BE557300899878 /* PBXTargetDependency */,
			);
			name = ComposableCamera;
			packageProductDependencies = (
				A998D5DF28BD2CE700899878 /* ComposableArchitecture */,
			);
			productName = ComposableCamera;
			productReference = A998D5C328BD2C1E00899878 /* ComposableCamera.app */;
			productType = "com.apple.product-type.application";
		};
/* End PBXNativeTarget section */

/* Begin PBXProject section */
		A998D5BB28BD2C1E00899878 /* Project object */ = {
			isa = PBXProject;
			attributes = {
				BuildIndependentTargetsInParallel = 1;
				LastSwiftUpdateCheck = 1340;
				LastUpgradeCheck = 1340;
				TargetAttributes = {
					A998D5C228BD2C1E00899878 = {
						CreatedOnToolsVersion = 13.4.1;
					};
				};
			};
			buildConfigurationList = A998D5BE28BD2C1E00899878 /* Build configuration list for PBXProject "ComposableCamera" */;
			compatibilityVersion = "Xcode 13.0";
			developmentRegion = en;
			hasScannedForEncodings = 0;
			knownRegions = (
				en,
				Base,
			);
			mainGroup = A998D5BA28BD2C1E00899878;
			packageReferences = (
				A998D5DE28BD2CE700899878 /* XCRemoteSwiftPackageReference "swift-composable-architecture" */,
			);
			productRefGroup = A998D5C428BD2C1E00899878 /* Products */;
			projectDirPath = "";
			projectRoot = "";
			targets = (
				A998D5C228BD2C1E00899878 /* ComposableCamera */,
			);
		};
/* End PBXProject section */

/* Begin PBXResourcesBuildPhase section */
		A998D5C128BD2C1E00899878 /* Resources */ = {
			isa = PBXResourcesBuildPhase;
			buildActionMask = 2147483647;
			files = (
				A998D5CE28BD2C2400899878 /* Preview Assets.xcassets in Resources */,
				A998D5CB28BD2C2400899878 /* Assets.xcassets in Resources */,
			);
			runOnlyForDeploymentPostprocessing = 0;
		};
/* End PBXResourcesBuildPhase section */

/* Begin PBXSourcesBuildPhase section */
		A998D5BF28BD2C1E00899878 /* Sources */ = {
			isa = PBXSourcesBuildPhase;
			buildActionMask = 2147483647;
			files = (
				A998D60D28BE583200899878 /* CameraView.swift in Sources */,
				A998D60E28BE583200899878 /* CameraCore.swift in Sources */,
				A998D60F28BE595700899878 /* Client.swift in Sources */,
				A998D61028BE595B00899878 /* Live.swift in Sources */,
				A998D5C728BD2C1E00899878 /* ComposableCameraApp.swift in Sources */,
			);
			runOnlyForDeploymentPostprocessing = 0;
		};
/* End PBXSourcesBuildPhase section */

/* Begin PBXTargetDependency section */
		A998D60928BE557300899878 /* PBXTargetDependency */ = {
			isa = PBXTargetDependency;
			targetProxy = A998D60828BE557300899878 /* PBXContainerItemProxy */;
		};
/* End PBXTargetDependency section */

/* Begin XCBuildConfiguration section */
		A998D5CF28BD2C2400899878 /* Debug */ = {
			isa = XCBuildConfiguration;
			buildSettings = {
				ALWAYS_SEARCH_USER_PATHS = NO;
				CLANG_ANALYZER_NONNULL = YES;
				CLANG_ANALYZER_NUMBER_OBJECT_CONVERSION = YES_AGGRESSIVE;
				CLANG_CXX_LANGUAGE_STANDARD = "gnu++17";
				CLANG_ENABLE_MODULES = YES;
				CLANG_ENABLE_OBJC_ARC = YES;
				CLANG_ENABLE_OBJC_WEAK = YES;
				CLANG_WARN_BLOCK_CAPTURE_AUTORELEASING = YES;
				CLANG_WARN_BOOL_CONVERSION = YES;
				CLANG_WARN_COMMA = YES;
				CLANG_WARN_CONSTANT_CONVERSION = YES;
				CLANG_WARN_DEPRECATED_OBJC_IMPLEMENTATIONS = YES;
				CLANG_WARN_DIRECT_OBJC_ISA_USAGE = YES_ERROR;
				CLANG_WARN_DOCUMENTATION_COMMENTS = YES;
				CLANG_WARN_EMPTY_BODY = YES;
				CLANG_WARN_ENUM_CONVERSION = YES;
				CLANG_WARN_INFINITE_RECURSION = YES;
				CLANG_WARN_INT_CONVERSION = YES;
				CLANG_WARN_NON_LITERAL_NULL_CONVERSION = YES;
				CLANG_WARN_OBJC_IMPLICIT_RETAIN_SELF = YES;
				CLANG_WARN_OBJC_LITERAL_CONVERSION = YES;
				CLANG_WARN_OBJC_ROOT_CLASS = YES_ERROR;
				CLANG_WARN_QUOTED_INCLUDE_IN_FRAMEWORK_HEADER = YES;
				CLANG_WARN_RANGE_LOOP_ANALYSIS = YES;
				CLANG_WARN_STRICT_PROTOTYPES = YES;
				CLANG_WARN_SUSPICIOUS_MOVE = YES;
				CLANG_WARN_UNGUARDED_AVAILABILITY = YES_AGGRESSIVE;
				CLANG_WARN_UNREACHABLE_CODE = YES;
				CLANG_WARN__DUPLICATE_METHOD_MATCH = YES;
				COPY_PHASE_STRIP = NO;
				DEBUG_INFORMATION_FORMAT = dwarf;
				ENABLE_STRICT_OBJC_MSGSEND = YES;
				ENABLE_TESTABILITY = YES;
				GCC_C_LANGUAGE_STANDARD = gnu11;
				GCC_DYNAMIC_NO_PIC = NO;
				GCC_NO_COMMON_BLOCKS = YES;
				GCC_OPTIMIZATION_LEVEL = 0;
				GCC_PREPROCESSOR_DEFINITIONS = (
					"DEBUG=1",
					"$(inherited)",
				);
				GCC_WARN_64_TO_32_BIT_CONVERSION = YES;
				GCC_WARN_ABOUT_RETURN_TYPE = YES_ERROR;
				GCC_WARN_UNDECLARED_SELECTOR = YES;
				GCC_WARN_UNINITIALIZED_AUTOS = YES_AGGRESSIVE;
				GCC_WARN_UNUSED_FUNCTION = YES;
				GCC_WARN_UNUSED_VARIABLE = YES;
				IPHONEOS_DEPLOYMENT_TARGET = 15.5;
				MTL_ENABLE_DEBUG_INFO = INCLUDE_SOURCE;
				MTL_FAST_MATH = YES;
				ONLY_ACTIVE_ARCH = YES;
				SDKROOT = iphoneos;
				SWIFT_ACTIVE_COMPILATION_CONDITIONS = DEBUG;
				SWIFT_OPTIMIZATION_LEVEL = "-Onone";
			};
			name = Debug;
		};
		A998D5D028BD2C2400899878 /* Release */ = {
			isa = XCBuildConfiguration;
			buildSettings = {
				ALWAYS_SEARCH_USER_PATHS = NO;
				CLANG_ANALYZER_NONNULL = YES;
				CLANG_ANALYZER_NUMBER_OBJECT_CONVERSION = YES_AGGRESSIVE;
				CLANG_CXX_LANGUAGE_STANDARD = "gnu++17";
				CLANG_ENABLE_MODULES = YES;
				CLANG_ENABLE_OBJC_ARC = YES;
				CLANG_ENABLE_OBJC_WEAK = YES;
				CLANG_WARN_BLOCK_CAPTURE_AUTORELEASING = YES;
				CLANG_WARN_BOOL_CONVERSION = YES;
				CLANG_WARN_COMMA = YES;
				CLANG_WARN_CONSTANT_CONVERSION = YES;
				CLANG_WARN_DEPRECATED_OBJC_IMPLEMENTATIONS = YES;
				CLANG_WARN_DIRECT_OBJC_ISA_USAGE = YES_ERROR;
				CLANG_WARN_DOCUMENTATION_COMMENTS = YES;
				CLANG_WARN_EMPTY_BODY = YES;
				CLANG_WARN_ENUM_CONVERSION = YES;
				CLANG_WARN_INFINITE_RECURSION = YES;
				CLANG_WARN_INT_CONVERSION = YES;
				CLANG_WARN_NON_LITERAL_NULL_CONVERSION = YES;
				CLANG_WARN_OBJC_IMPLICIT_RETAIN_SELF = YES;
				CLANG_WARN_OBJC_LITERAL_CONVERSION = YES;
				CLANG_WARN_OBJC_ROOT_CLASS = YES_ERROR;
				CLANG_WARN_QUOTED_INCLUDE_IN_FRAMEWORK_HEADER = YES;
				CLANG_WARN_RANGE_LOOP_ANALYSIS = YES;
				CLANG_WARN_STRICT_PROTOTYPES = YES;
				CLANG_WARN_SUSPICIOUS_MOVE = YES;
				CLANG_WARN_UNGUARDED_AVAILABILITY = YES_AGGRESSIVE;
				CLANG_WARN_UNREACHABLE_CODE = YES;
				CLANG_WARN__DUPLICATE_METHOD_MATCH = YES;
				COPY_PHASE_STRIP = NO;
				DEBUG_INFORMATION_FORMAT = "dwarf-with-dsym";
				ENABLE_NS_ASSERTIONS = NO;
				ENABLE_STRICT_OBJC_MSGSEND = YES;
				GCC_C_LANGUAGE_STANDARD = gnu11;
				GCC_NO_COMMON_BLOCKS = YES;
				GCC_WARN_64_TO_32_BIT_CONVERSION = YES;
				GCC_WARN_ABOUT_RETURN_TYPE = YES_ERROR;
				GCC_WARN_UNDECLARED_SELECTOR = YES;
				GCC_WARN_UNINITIALIZED_AUTOS = YES_AGGRESSIVE;
				GCC_WARN_UNUSED_FUNCTION = YES;
				GCC_WARN_UNUSED_VARIABLE = YES;
				IPHONEOS_DEPLOYMENT_TARGET = 15.5;
				MTL_ENABLE_DEBUG_INFO = NO;
				MTL_FAST_MATH = YES;
				SDKROOT = iphoneos;
				SWIFT_COMPILATION_MODE = wholemodule;
				SWIFT_OPTIMIZATION_LEVEL = "-O";
				VALIDATE_PRODUCT = YES;
			};
			name = Release;
		};
		A998D5D228BD2C2400899878 /* Debug */ = {
			isa = XCBuildConfiguration;
			buildSettings = {
				ASSETCATALOG_COMPILER_APPICON_NAME = AppIcon;
				ASSETCATALOG_COMPILER_GLOBAL_ACCENT_COLOR_NAME = AccentColor;
				CODE_SIGN_STYLE = Automatic;
				CURRENT_PROJECT_VERSION = 1;
				DEVELOPMENT_ASSET_PATHS = "\"ComposableCamera/Preview Content\"";
				DEVELOPMENT_TEAM = 8B8QZZ6VNV;
				ENABLE_PREVIEWS = YES;
				GENERATE_INFOPLIST_FILE = YES;
				INFOPLIST_FILE = ComposableCamera/Info.plist;
				INFOPLIST_KEY_NSCameraUsageDescription = "Record videos";
				INFOPLIST_KEY_UIApplicationSceneManifest_Generation = YES;
				INFOPLIST_KEY_UIApplicationSupportsIndirectInputEvents = YES;
				INFOPLIST_KEY_UILaunchScreen_Generation = YES;
				INFOPLIST_KEY_UISupportedInterfaceOrientations_iPad = "UIInterfaceOrientationPortrait UIInterfaceOrientationPortraitUpsideDown UIInterfaceOrientationLandscapeLeft UIInterfaceOrientationLandscapeRight";
				INFOPLIST_KEY_UISupportedInterfaceOrientations_iPhone = "UIInterfaceOrientationPortrait UIInterfaceOrientationLandscapeLeft UIInterfaceOrientationLandscapeRight";
				LD_RUNPATH_SEARCH_PATHS = (
					"$(inherited)",
					"@executable_path/Frameworks",
				);
				MARKETING_VERSION = 1.0;
				PRODUCT_BUNDLE_IDENTIFIER = com.larson.ComposableCamera;
				PRODUCT_NAME = "$(TARGET_NAME)";
				SWIFT_EMIT_LOC_STRINGS = YES;
				SWIFT_VERSION = 5.0;
				TARGETED_DEVICE_FAMILY = "1,2";
			};
			name = Debug;
		};
		A998D5D328BD2C2400899878 /* Release */ = {
			isa = XCBuildConfiguration;
			buildSettings = {
				ASSETCATALOG_COMPILER_APPICON_NAME = AppIcon;
				ASSETCATALOG_COMPILER_GLOBAL_ACCENT_COLOR_NAME = AccentColor;
				CODE_SIGN_STYLE = Automatic;
				CURRENT_PROJECT_VERSION = 1;
				DEVELOPMENT_ASSET_PATHS = "\"ComposableCamera/Preview Content\"";
				DEVELOPMENT_TEAM = 8B8QZZ6VNV;
				ENABLE_PREVIEWS = YES;
				GENERATE_INFOPLIST_FILE = YES;
				INFOPLIST_FILE = ComposableCamera/Info.plist;
				INFOPLIST_KEY_NSCameraUsageDescription = "Record videos";
				INFOPLIST_KEY_UIApplicationSceneManifest_Generation = YES;
				INFOPLIST_KEY_UIApplicationSupportsIndirectInputEvents = YES;
				INFOPLIST_KEY_UILaunchScreen_Generation = YES;
				INFOPLIST_KEY_UISupportedInterfaceOrientations_iPad = "UIInterfaceOrientationPortrait UIInterfaceOrientationPortraitUpsideDown UIInterfaceOrientationLandscapeLeft UIInterfaceOrientationLandscapeRight";
				INFOPLIST_KEY_UISupportedInterfaceOrientations_iPhone = "UIInterfaceOrientationPortrait UIInterfaceOrientationLandscapeLeft UIInterfaceOrientationLandscapeRight";
				LD_RUNPATH_SEARCH_PATHS = (
					"$(inherited)",
					"@executable_path/Frameworks",
				);
				MARKETING_VERSION = 1.0;
				PRODUCT_BUNDLE_IDENTIFIER = com.larson.ComposableCamera;
				PRODUCT_NAME = "$(TARGET_NAME)";
				SWIFT_EMIT_LOC_STRINGS = YES;
				SWIFT_VERSION = 5.0;
				TARGETED_DEVICE_FAMILY = "1,2";
			};
			name = Release;
		};
/* End XCBuildConfiguration section */

/* Begin XCConfigurationList section */
		A998D5BE28BD2C1E00899878 /* Build configuration list for PBXProject "ComposableCamera" */ = {
			isa = XCConfigurationList;
			buildConfigurations = (
				A998D5CF28BD2C2400899878 /* Debug */,
				A998D5D028BD2C2400899878 /* Release */,
			);
			defaultConfigurationIsVisible = 0;
			defaultConfigurationName = Release;
		};
		A998D5D128BD2C2400899878 /* Build configuration list for PBXNativeTarget "ComposableCamera" */ = {
			isa = XCConfigurationList;
			buildConfigurations = (
				A998D5D228BD2C2400899878 /* Debug */,
				A998D5D328BD2C2400899878 /* Release */,
			);
			defaultConfigurationIsVisible = 0;
			defaultConfigurationName = Release;
		};
/* End XCConfigurationList section */

/* Begin XCRemoteSwiftPackageReference section */
		A998D5DE28BD2CE700899878 /* XCRemoteSwiftPackageReference "swift-composable-architecture" */ = {
			isa = XCRemoteSwiftPackageReference;
			repositoryURL = "https://github.com/pointfreeco/swift-composable-architecture";
			requirement = {
				kind = upToNextMajorVersion;
				minimumVersion = 0.9.0;
			};
		};
/* End XCRemoteSwiftPackageReference section */

/* Begin XCSwiftPackageProductDependency section */
		A998D5DF28BD2CE700899878 /* ComposableArchitecture */ = {
			isa = XCSwiftPackageProductDependency;
			package = A998D5DE28BD2CE700899878 /* XCRemoteSwiftPackageReference "swift-composable-architecture" */;
			productName = ComposableArchitecture;
		};
/* End XCSwiftPackageProductDependency section */
	};
	rootObject = A998D5BB28BD2C1E00899878 /* Project object */;
}
